// !$*UTF8*$!
{
	archiveVersion = 1;
	classes = {
	};
	objectVersion = 46;
	objects = {

/* Begin PBXBuildFile section */
		3A778487242847FD00B1C27C /* GameOverScene.sks in Resources */ = {isa = PBXBuildFile; fileRef = 3A778484242847FD00B1C27C /* GameOverScene.sks */; };
		3A778488242847FD00B1C27C /* StarParticle.sks in Resources */ = {isa = PBXBuildFile; fileRef = 3A778485242847FD00B1C27C /* StarParticle.sks */; };
		3A778489242847FD00B1C27C /* TutorialOverlay.sks in Resources */ = {isa = PBXBuildFile; fileRef = 3A778486242847FD00B1C27C /* TutorialOverlay.sks */; };
		3A7784A92428480A00B1C27C /* LaunchScreen.xib in Resources */ = {isa = PBXBuildFile; fileRef = 3A77848B2428480A00B1C27C /* LaunchScreen.xib */; };
		3A7784AA2428480A00B1C27C /* Main.storyboard in Resources */ = {isa = PBXBuildFile; fileRef = 3A77848D2428480A00B1C27C /* Main.storyboard */; };
		3A7784BF2428480A00B1C27C /* Images.xcassets in Resources */ = {isa = PBXBuildFile; fileRef = 3A7784A62428480A00B1C27C /* Images.xcassets */; };
		3A7784C02428480A00B1C27C /* star.png in Resources */ = {isa = PBXBuildFile; fileRef = 3A7784A72428480A00B1C27C /* star.png */; };
		3ACD3CC523FA5725006865B8 /* Matter.swift in Sources */ = {isa = PBXBuildFile; fileRef = 3ACD3CC423FA5725006865B8 /* Matter.swift */; };
		3ACD3CC723FA5754006865B8 /* Star.swift in Sources */ = {isa = PBXBuildFile; fileRef = 3ACD3CC623FA5754006865B8 /* Star.swift */; };
		EA167D091AEC3628005A6A0C /* AppDelegate.swift in Sources */ = {isa = PBXBuildFile; fileRef = EA167D081AEC3628005A6A0C /* AppDelegate.swift */; };
		EA167D0D1AEC3628005A6A0C /* GameScene.swift in Sources */ = {isa = PBXBuildFile; fileRef = EA167D0C1AEC3628005A6A0C /* GameScene.swift */; };
		EA167D0F1AEC3628005A6A0C /* GameViewController.swift in Sources */ = {isa = PBXBuildFile; fileRef = EA167D0E1AEC3628005A6A0C /* GameViewController.swift */; };
		EA167D331AF078F3005A6A0C /* GameOverScene.swift in Sources */ = {isa = PBXBuildFile; fileRef = EA167D321AF078F3005A6A0C /* GameOverScene.swift */; };
		EAEAC6C81B053FB700D355DD /* GameKit.framework in Frameworks */ = {isa = PBXBuildFile; fileRef = EAEAC6C71B053FB700D355DD /* GameKit.framework */; };
/* End PBXBuildFile section */

/* Begin PBXFileReference section */
		3A778484242847FD00B1C27C /* GameOverScene.sks */ = {isa = PBXFileReference; lastKnownFileType = file.sks; path = GameOverScene.sks; sourceTree = "<group>"; };
		3A778485242847FD00B1C27C /* StarParticle.sks */ = {isa = PBXFileReference; lastKnownFileType = file.sks; path = StarParticle.sks; sourceTree = "<group>"; };
		3A778486242847FD00B1C27C /* TutorialOverlay.sks */ = {isa = PBXFileReference; lastKnownFileType = file.sks; path = TutorialOverlay.sks; sourceTree = "<group>"; };
		3A77848C2428480A00B1C27C /* Base */ = {isa = PBXFileReference; lastKnownFileType = file.xib; name = Base; path = Base.lproj/LaunchScreen.xib; sourceTree = "<group>"; };
		3A77848E2428480A00B1C27C /* Base */ = {isa = PBXFileReference; lastKnownFileType = file.storyboard; name = Base; path = Base.lproj/Main.storyboard; sourceTree = "<group>"; };
		3A7784A62428480A00B1C27C /* Images.xcassets */ = {isa = PBXFileReference; lastKnownFileType = folder.assetcatalog; path = Images.xcassets; sourceTree = "<group>"; };
		3A7784A72428480A00B1C27C /* star.png */ = {isa = PBXFileReference; lastKnownFileType = image.png; path = star.png; sourceTree = "<group>"; };
		3A7784A82428480A00B1C27C /* Info.plist */ = {isa = PBXFileReference; fileEncoding = 4; lastKnownFileType = text.plist.xml; path = Info.plist; sourceTree = "<group>"; };
		3ACD3CC423FA5725006865B8 /* Matter.swift */ = {isa = PBXFileReference; lastKnownFileType = sourcecode.swift; path = Matter.swift; sourceTree = "<group>"; };
		3ACD3CC623FA5754006865B8 /* Star.swift */ = {isa = PBXFileReference; lastKnownFileType = sourcecode.swift; path = Star.swift; sourceTree = "<group>"; };
		EA167D031AEC3628005A6A0C /* Star Evolver.app */ = {isa = PBXFileReference; explicitFileType = wrapper.application; includeInIndex = 0; path = "Star Evolver.app"; sourceTree = BUILT_PRODUCTS_DIR; };
		EA167D081AEC3628005A6A0C /* AppDelegate.swift */ = {isa = PBXFileReference; lastKnownFileType = sourcecode.swift; path = AppDelegate.swift; sourceTree = "<group>"; };
		EA167D0C1AEC3628005A6A0C /* GameScene.swift */ = {isa = PBXFileReference; lastKnownFileType = sourcecode.swift; path = GameScene.swift; sourceTree = "<group>"; };
		EA167D0E1AEC3628005A6A0C /* GameViewController.swift */ = {isa = PBXFileReference; lastKnownFileType = sourcecode.swift; path = GameViewController.swift; sourceTree = "<group>"; };
		EA167D321AF078F3005A6A0C /* GameOverScene.swift */ = {isa = PBXFileReference; fileEncoding = 4; lastKnownFileType = sourcecode.swift; path = GameOverScene.swift; sourceTree = "<group>"; };
		EAEAC6C71B053FB700D355DD /* GameKit.framework */ = {isa = PBXFileReference; lastKnownFileType = wrapper.framework; name = GameKit.framework; path = System/Library/Frameworks/GameKit.framework; sourceTree = SDKROOT; };
/* End PBXFileReference section */

/* Begin PBXFrameworksBuildPhase section */
		EA167D001AEC3628005A6A0C /* Frameworks */ = {
			isa = PBXFrameworksBuildPhase;
			buildActionMask = 2147483647;
			files = (
				EAEAC6C81B053FB700D355DD /* GameKit.framework in Frameworks */,
			);
			runOnlyForDeploymentPostprocessing = 0;
		};
/* End PBXFrameworksBuildPhase section */

/* Begin PBXGroup section */
		3A778483242847FD00B1C27C /* Scenes */ = {
			isa = PBXGroup;
			children = (
				3A778484242847FD00B1C27C /* GameOverScene.sks */,
				3A778485242847FD00B1C27C /* StarParticle.sks */,
				3A778486242847FD00B1C27C /* TutorialOverlay.sks */,
			);
			path = Scenes;
			sourceTree = "<group>";
		};
		3A77848A2428480A00B1C27C /* Assets */ = {
			isa = PBXGroup;
			children = (
				3A7784A62428480A00B1C27C /* Images.xcassets */,
				3A7784A82428480A00B1C27C /* Info.plist */,
				3A77848B2428480A00B1C27C /* LaunchScreen.xib */,
				3A77848D2428480A00B1C27C /* Main.storyboard */,
				3A7784A72428480A00B1C27C /* star.png */,
			);
			path = Assets;
			sourceTree = "<group>";
		};
		3ACD3CC323FA5714006865B8 /* Stars */ = {
			isa = PBXGroup;
			children = (
				3ACD3CC423FA5725006865B8 /* Matter.swift */,
				3ACD3CC623FA5754006865B8 /* Star.swift */,
			);
			path = Stars;
			sourceTree = "<group>";
		};
		EA167CFA1AEC3628005A6A0C = {
			isa = PBXGroup;
			children = (
				EAEAC6C71B053FB700D355DD /* GameKit.framework */,
				EA167D051AEC3628005A6A0C /* Star Evolver */,
				EA167D041AEC3628005A6A0C /* Products */,
			);
			sourceTree = "<group>";
		};
		EA167D041AEC3628005A6A0C /* Products */ = {
			isa = PBXGroup;
			children = (
				EA167D031AEC3628005A6A0C /* Star Evolver.app */,
			);
			name = Products;
			sourceTree = "<group>";
		};
		EA167D051AEC3628005A6A0C /* Star Evolver */ = {
			isa = PBXGroup;
			children = (
				EA167D081AEC3628005A6A0C /* AppDelegate.swift */,
				3A77848A2428480A00B1C27C /* Assets */,
				EA167D321AF078F3005A6A0C /* GameOverScene.swift */,
				EA167D0C1AEC3628005A6A0C /* GameScene.swift */,
				EA167D0E1AEC3628005A6A0C /* GameViewController.swift */,
				3A778483242847FD00B1C27C /* Scenes */,
				3ACD3CC323FA5714006865B8 /* Stars */,
			);
			path = "Star Evolver";
			sourceTree = "<group>";
		};
/* End PBXGroup section */

/* Begin PBXNativeTarget section */
		EA167D021AEC3628005A6A0C /* Star Evolver */ = {
			isa = PBXNativeTarget;
			buildConfigurationList = EA167D261AEC3628005A6A0C /* Build configuration list for PBXNativeTarget "Star Evolver" */;
			buildPhases = (
				EA167CFF1AEC3628005A6A0C /* Sources */,
				EA167D001AEC3628005A6A0C /* Frameworks */,
				EA167D011AEC3628005A6A0C /* Resources */,
			);
			buildRules = (
			);
			dependencies = (
			);
			name = "Star Evolver";
			productName = "Star Evolver";
			productReference = EA167D031AEC3628005A6A0C /* Star Evolver.app */;
			productType = "com.apple.product-type.application";
		};
/* End PBXNativeTarget section */

/* Begin PBXProject section */
		EA167CFB1AEC3628005A6A0C /* Project object */ = {
			isa = PBXProject;
			attributes = {
				LastUpgradeCheck = 1130;
				ORGANIZATIONNAME = "Drew Bratcher";
				TargetAttributes = {
					EA167D021AEC3628005A6A0C = {
						CreatedOnToolsVersion = 6.3.1;
						DevelopmentTeam = CD69SP6A6Z;
						SystemCapabilities = {
							com.apple.GameCenter = {
								enabled = 1;
							};
						};
					};
				};
			};
			buildConfigurationList = EA167CFE1AEC3628005A6A0C /* Build configuration list for PBXProject "Star Evolver" */;
			compatibilityVersion = "Xcode 3.2";
			developmentRegion = en;
			hasScannedForEncodings = 0;
			knownRegions = (
				en,
				Base,
			);
			mainGroup = EA167CFA1AEC3628005A6A0C;
			productRefGroup = EA167D041AEC3628005A6A0C /* Products */;
			projectDirPath = "";
			projectRoot = "";
			targets = (
				EA167D021AEC3628005A6A0C /* Star Evolver */,
			);
		};
/* End PBXProject section */

/* Begin PBXResourcesBuildPhase section */
		EA167D011AEC3628005A6A0C /* Resources */ = {
			isa = PBXResourcesBuildPhase;
			buildActionMask = 2147483647;
			files = (
				3A7784A92428480A00B1C27C /* LaunchScreen.xib in Resources */,
				3A7784C02428480A00B1C27C /* star.png in Resources */,
				3A7784AA2428480A00B1C27C /* Main.storyboard in Resources */,
				3A7784BF2428480A00B1C27C /* Images.xcassets in Resources */,
				3A778487242847FD00B1C27C /* GameOverScene.sks in Resources */,
				3A778488242847FD00B1C27C /* StarParticle.sks in Resources */,
				3A778489242847FD00B1C27C /* TutorialOverlay.sks in Resources */,
			);
			runOnlyForDeploymentPostprocessing = 0;
		};
/* End PBXResourcesBuildPhase section */

/* Begin PBXSourcesBuildPhase section */
		EA167CFF1AEC3628005A6A0C /* Sources */ = {
			isa = PBXSourcesBuildPhase;
			buildActionMask = 2147483647;
			files = (
				3ACD3CC523FA5725006865B8 /* Matter.swift in Sources */,
				EA167D0D1AEC3628005A6A0C /* GameScene.swift in Sources */,
				EA167D0F1AEC3628005A6A0C /* GameViewController.swift in Sources */,
				3ACD3CC723FA5754006865B8 /* Star.swift in Sources */,
				EA167D331AF078F3005A6A0C /* GameOverScene.swift in Sources */,
				EA167D091AEC3628005A6A0C /* AppDelegate.swift in Sources */,
			);
			runOnlyForDeploymentPostprocessing = 0;
		};
/* End PBXSourcesBuildPhase section */

/* Begin PBXVariantGroup section */
		3A77848B2428480A00B1C27C /* LaunchScreen.xib */ = {
			isa = PBXVariantGroup;
			children = (
				3A77848C2428480A00B1C27C /* Base */,
			);
			name = LaunchScreen.xib;
			sourceTree = "<group>";
		};
		3A77848D2428480A00B1C27C /* Main.storyboard */ = {
			isa = PBXVariantGroup;
			children = (
				3A77848E2428480A00B1C27C /* Base */,
			);
			name = Main.storyboard;
			sourceTree = "<group>";
		};
/* End PBXVariantGroup section */

/* Begin XCBuildConfiguration section */
		EA167D241AEC3628005A6A0C /* Debug */ = {
			isa = XCBuildConfiguration;
			buildSettings = {
				ALWAYS_SEARCH_USER_PATHS = NO;
				CLANG_ANALYZER_LOCALIZABILITY_NONLOCALIZED = YES;
				CLANG_CXX_LANGUAGE_STANDARD = "gnu++0x";
				CLANG_CXX_LIBRARY = "libc++";
				CLANG_ENABLE_MODULES = YES;
				CLANG_ENABLE_OBJC_ARC = YES;
				CLANG_WARN_BLOCK_CAPTURE_AUTORELEASING = YES;
				CLANG_WARN_BOOL_CONVERSION = YES;
				CLANG_WARN_COMMA = YES;
				CLANG_WARN_CONSTANT_CONVERSION = YES;
				CLANG_WARN_DEPRECATED_OBJC_IMPLEMENTATIONS = YES;
				CLANG_WARN_DIRECT_OBJC_ISA_USAGE = YES_ERROR;
				CLANG_WARN_EMPTY_BODY = YES;
				CLANG_WARN_ENUM_CONVERSION = YES;
				CLANG_WARN_INFINITE_RECURSION = YES;
				CLANG_WARN_INT_CONVERSION = YES;
				CLANG_WARN_NON_LITERAL_NULL_CONVERSION = YES;
				CLANG_WARN_OBJC_IMPLICIT_RETAIN_SELF = YES;
				CLANG_WARN_OBJC_LITERAL_CONVERSION = YES;
				CLANG_WARN_OBJC_ROOT_CLASS = YES_ERROR;
				CLANG_WARN_RANGE_LOOP_ANALYSIS = YES;
				CLANG_WARN_STRICT_PROTOTYPES = YES;
				CLANG_WARN_SUSPICIOUS_MOVE = YES;
				CLANG_WARN_UNREACHABLE_CODE = YES;
				CLANG_WARN__DUPLICATE_METHOD_MATCH = YES;
				"CODE_SIGN_IDENTITY[sdk=iphoneos*]" = "iPhone Developer";
				DEBUG_INFORMATION_FORMAT = "dwarf-with-dsym";
				ENABLE_STRICT_OBJC_MSGSEND = YES;
				ENABLE_TESTABILITY = YES;
				GCC_C_LANGUAGE_STANDARD = gnu99;
				GCC_DYNAMIC_NO_PIC = NO;
				GCC_NO_COMMON_BLOCKS = YES;
				GCC_OPTIMIZATION_LEVEL = 0;
				GCC_PREPROCESSOR_DEFINITIONS = (
					"DEBUG=1",
					"$(inherited)",
				);
				GCC_SYMBOLS_PRIVATE_EXTERN = NO;
				GCC_WARN_64_TO_32_BIT_CONVERSION = YES;
				GCC_WARN_ABOUT_RETURN_TYPE = YES_ERROR;
				GCC_WARN_UNDECLARED_SELECTOR = YES;
				GCC_WARN_UNINITIALIZED_AUTOS = YES_AGGRESSIVE;
				GCC_WARN_UNUSED_FUNCTION = YES;
				GCC_WARN_UNUSED_VARIABLE = YES;
				IPHONEOS_DEPLOYMENT_TARGET = 13.0;
				MTL_ENABLE_DEBUG_INFO = YES;
				ONLY_ACTIVE_ARCH = YES;
				SDKROOT = iphoneos;
				SWIFT_OPTIMIZATION_LEVEL = "-Onone";
				SWIFT_VERSION = 5.0;
				TARGETED_DEVICE_FAMILY = "1,2";
			};
			name = Debug;
		};
		EA167D251AEC3628005A6A0C /* Release */ = {
			isa = XCBuildConfiguration;
			buildSettings = {
				ALWAYS_SEARCH_USER_PATHS = NO;
				CLANG_ANALYZER_LOCALIZABILITY_NONLOCALIZED = YES;
				CLANG_CXX_LANGUAGE_STANDARD = "gnu++0x";
				CLANG_CXX_LIBRARY = "libc++";
				CLANG_ENABLE_MODULES = YES;
				CLANG_ENABLE_OBJC_ARC = YES;
				CLANG_WARN_BLOCK_CAPTURE_AUTORELEASING = YES;
				CLANG_WARN_BOOL_CONVERSION = YES;
				CLANG_WARN_COMMA = YES;
				CLANG_WARN_CONSTANT_CONVERSION = YES;
				CLANG_WARN_DEPRECATED_OBJC_IMPLEMENTATIONS = YES;
				CLANG_WARN_DIRECT_OBJC_ISA_USAGE = YES_ERROR;
				CLANG_WARN_EMPTY_BODY = YES;
				CLANG_WARN_ENUM_CONVERSION = YES;
				CLANG_WARN_INFINITE_RECURSION = YES;
				CLANG_WARN_INT_CONVERSION = YES;
				CLANG_WARN_NON_LITERAL_NULL_CONVERSION = YES;
				CLANG_WARN_OBJC_IMPLICIT_RETAIN_SELF = YES;
				CLANG_WARN_OBJC_LITERAL_CONVERSION = YES;
				CLANG_WARN_OBJC_ROOT_CLASS = YES_ERROR;
				CLANG_WARN_RANGE_LOOP_ANALYSIS = YES;
				CLANG_WARN_STRICT_PROTOTYPES = YES;
				CLANG_WARN_SUSPICIOUS_MOVE = YES;
				CLANG_WARN_UNREACHABLE_CODE = YES;
				CLANG_WARN__DUPLICATE_METHOD_MATCH = YES;
				"CODE_SIGN_IDENTITY[sdk=iphoneos*]" = "iPhone Developer";
				DEBUG_INFORMATION_FORMAT = "dwarf-with-dsym";
				ENABLE_NS_ASSERTIONS = NO;
				ENABLE_STRICT_OBJC_MSGSEND = YES;
				GCC_C_LANGUAGE_STANDARD = gnu99;
				GCC_NO_COMMON_BLOCKS = YES;
				GCC_WARN_64_TO_32_BIT_CONVERSION = YES;
				GCC_WARN_ABOUT_RETURN_TYPE = YES_ERROR;
				GCC_WARN_UNDECLARED_SELECTOR = YES;
				GCC_WARN_UNINITIALIZED_AUTOS = YES_AGGRESSIVE;
				GCC_WARN_UNUSED_FUNCTION = YES;
				GCC_WARN_UNUSED_VARIABLE = YES;
				IPHONEOS_DEPLOYMENT_TARGET = 13.0;
				MTL_ENABLE_DEBUG_INFO = NO;
				SDKROOT = iphoneos;
				SWIFT_COMPILATION_MODE = wholemodule;
				SWIFT_VERSION = 5.0;
				TARGETED_DEVICE_FAMILY = "1,2";
				VALIDATE_PRODUCT = YES;
			};
			name = Release;
		};
		EA167D271AEC3628005A6A0C /* Debug */ = {
			isa = XCBuildConfiguration;
			buildSettings = {
				ASSETCATALOG_COMPILER_APPICON_NAME = AppIcon;
				CODE_SIGN_IDENTITY = "iPhone Developer";
				"CODE_SIGN_IDENTITY[sdk=iphoneos*]" = "iPhone Developer";
				INFOPLIST_FILE = "Star Evolver/Assets/Info.plist";
				LD_RUNPATH_SEARCH_PATHS = "$(inherited) @executable_path/Frameworks";
				PRODUCT_BUNDLE_IDENTIFIER = "com.drewbratcher.$(PRODUCT_NAME:rfc1034identifier)";
				PRODUCT_NAME = "$(TARGET_NAME)";
				PROVISIONING_PROFILE = "";
			};
			name = Debug;
		};
		EA167D281AEC3628005A6A0C /* Release */ = {
			isa = XCBuildConfiguration;
			buildSettings = {
				ASSETCATALOG_COMPILER_APPICON_NAME = AppIcon;
				CODE_SIGN_IDENTITY = "iPhone Developer";
				"CODE_SIGN_IDENTITY[sdk=iphoneos*]" = "iPhone Developer";
				INFOPLIST_FILE = "Star Evolver/Assets/Info.plist";
				LD_RUNPATH_SEARCH_PATHS = "$(inherited) @executable_path/Frameworks";
				PRODUCT_BUNDLE_IDENTIFIER = "com.drewbratcher.$(PRODUCT_NAME:rfc1034identifier)";
				PRODUCT_NAME = "$(TARGET_NAME)";
				PROVISIONING_PROFILE = "";
			};
			name = Release;
		};
/* End XCBuildConfiguration section */

/* Begin XCConfigurationList section */
		EA167CFE1AEC3628005A6A0C /* Build configuration list for PBXProject "Star Evolver" */ = {
			isa = XCConfigurationList;
			buildConfigurations = (
				EA167D241AEC3628005A6A0C /* Debug */,
				EA167D251AEC3628005A6A0C /* Release */,
			);
			defaultConfigurationIsVisible = 0;
			defaultConfigurationName = Release;
		};
		EA167D261AEC3628005A6A0C /* Build configuration list for PBXNativeTarget "Star Evolver" */ = {
			isa = XCConfigurationList;
			buildConfigurations = (
				EA167D271AEC3628005A6A0C /* Debug */,
				EA167D281AEC3628005A6A0C /* Release */,
			);
			defaultConfigurationIsVisible = 0;
			defaultConfigurationName = Release;
		};
/* End XCConfigurationList section */
	};
	rootObject = EA167CFB1AEC3628005A6A0C /* Project object */;
}
